// !$*UTF8*$!
{
	archiveVersion = 1;
	classes = {
	};
	objectVersion = 55;
	objects = {

/* Begin PBXBuildFile section */
		F901072A28A5302600C5687F /* DataGenerator.swift in Sources */ = {isa = PBXBuildFile; fileRef = F901072928A5302600C5687F /* DataGenerator.swift */; };
		F901072C28A5343000C5687F /* Tables.swift in Sources */ = {isa = PBXBuildFile; fileRef = F901072B28A5343000C5687F /* Tables.swift */; };
		F9598BD128A56EBA003047C7 /* ResoursesPaths.swift in Sources */ = {isa = PBXBuildFile; fileRef = F9598BD028A56EBA003047C7 /* ResoursesPaths.swift */; };
		F97BDA7228A469130087A7E8 /* PostgresClientKit in Frameworks */ = {isa = PBXBuildFile; productRef = F97BDA7128A469130087A7E8 /* PostgresClientKit */; };
		F9B49E4328A412D700D199A2 /* main.swift in Sources */ = {isa = PBXBuildFile; fileRef = F9B49E4228A412D700D199A2 /* main.swift */; };
/* End PBXBuildFile section */

/* Begin PBXCopyFilesBuildPhase section */
		F9B49E3D28A412D700D199A2 /* CopyFiles */ = {
			isa = PBXCopyFilesBuildPhase;
			buildActionMask = 2147483647;
			dstPath = /usr/share/man/man1/;
			dstSubfolderSpec = 0;
			files = (
			);
			runOnlyForDeploymentPostprocessing = 1;
		};
/* End PBXCopyFilesBuildPhase section */

/* Begin PBXFileReference section */
		F901072928A5302600C5687F /* DataGenerator.swift */ = {isa = PBXFileReference; lastKnownFileType = sourcecode.swift; path = DataGenerator.swift; sourceTree = "<group>"; };
		F901072B28A5343000C5687F /* Tables.swift */ = {isa = PBXFileReference; lastKnownFileType = sourcecode.swift; path = Tables.swift; sourceTree = "<group>"; };
		F9598BCE28A56018003047C7 /* rebase.sql */ = {isa = PBXFileReference; fileEncoding = 4; lastKnownFileType = text; path = rebase.sql; sourceTree = "<group>"; };
		F9598BCF28A56949003047C7 /* MobaGames */ = {isa = PBXFileReference; lastKnownFileType = text; path = MobaGames; sourceTree = "<group>"; };
		F9598BD028A56EBA003047C7 /* ResoursesPaths.swift */ = {isa = PBXFileReference; lastKnownFileType = sourcecode.swift; path = ResoursesPaths.swift; sourceTree = "<group>"; };
		F9598BD228A5ABD2003047C7 /* Heroes.txt */ = {isa = PBXFileReference; lastKnownFileType = text; path = Heroes.txt; sourceTree = "<group>"; };
		F9598BD328A5BC6D003047C7 /*  Items.txt */ = {isa = PBXFileReference; lastKnownFileType = text; path = " Items.txt"; sourceTree = "<group>"; };
		F9598BD428A672E5003047C7 /* Players.txt */ = {isa = PBXFileReference; lastKnownFileType = text; path = Players.txt; sourceTree = "<group>"; };
		F9B49E3F28A412D700D199A2 /* DBGenerator */ = {isa = PBXFileReference; explicitFileType = "compiled.mach-o.executable"; includeInIndex = 0; path = DBGenerator; sourceTree = BUILT_PRODUCTS_DIR; };
		F9B49E4228A412D700D199A2 /* main.swift */ = {isa = PBXFileReference; lastKnownFileType = sourcecode.swift; path = main.swift; sourceTree = "<group>"; };
/* End PBXFileReference section */

/* Begin PBXFrameworksBuildPhase section */
		F9B49E3C28A412D700D199A2 /* Frameworks */ = {
			isa = PBXFrameworksBuildPhase;
			buildActionMask = 2147483647;
			files = (
				F97BDA7228A469130087A7E8 /* PostgresClientKit in Frameworks */,
			);
			runOnlyForDeploymentPostprocessing = 0;
		};
/* End PBXFrameworksBuildPhase section */

/* Begin PBXGroup section */
		F9598BCD28A55FF6003047C7 /* resources */ = {
			isa = PBXGroup;
			children = (
				F9598BD228A5ABD2003047C7 /* Heroes.txt */,
				F9598BCE28A56018003047C7 /* rebase.sql */,
				F9598BCF28A56949003047C7 /* MobaGames */,
				F9598BD328A5BC6D003047C7 /*  Items.txt */,
				F9598BD428A672E5003047C7 /* Players.txt */,
			);
			path = resources;
			sourceTree = "<group>";
		};
		F9B49E3628A412D700D199A2 = {
			isa = PBXGroup;
			children = (
				F9B49E4128A412D700D199A2 /* DBGenerator */,
				F9B49E4028A412D700D199A2 /* Products */,
			);
			sourceTree = "<group>";
		};
		F9B49E4028A412D700D199A2 /* Products */ = {
			isa = PBXGroup;
			children = (
				F9B49E3F28A412D700D199A2 /* DBGenerator */,
			);
			name = Products;
			sourceTree = "<group>";
		};
		F9B49E4128A412D700D199A2 /* DBGenerator */ = {
			isa = PBXGroup;
			children = (
				F9598BCD28A55FF6003047C7 /* resources */,
				F9B49E4228A412D700D199A2 /* main.swift */,
				F901072928A5302600C5687F /* DataGenerator.swift */,
				F901072B28A5343000C5687F /* Tables.swift */,
				F9598BD028A56EBA003047C7 /* ResoursesPaths.swift */,
			);
			path = DBGenerator;
			sourceTree = "<group>";
		};
/* End PBXGroup section */

/* Begin PBXNativeTarget section */
		F9B49E3E28A412D700D199A2 /* DBGenerator */ = {
			isa = PBXNativeTarget;
			buildConfigurationList = F9B49E4628A412D700D199A2 /* Build configuration list for PBXNativeTarget "DBGenerator" */;
			buildPhases = (
				F9B49E3B28A412D700D199A2 /* Sources */,
				F9B49E3C28A412D700D199A2 /* Frameworks */,
				F9B49E3D28A412D700D199A2 /* CopyFiles */,
			);
			buildRules = (
			);
			dependencies = (
			);
			name = DBGenerator;
			packageProductDependencies = (
				F97BDA7128A469130087A7E8 /* PostgresClientKit */,
			);
			productName = DBGenerator;
			productReference = F9B49E3F28A412D700D199A2 /* DBGenerator */;
			productType = "com.apple.product-type.tool";
		};
/* End PBXNativeTarget section */

/* Begin PBXProject section */
		F9B49E3728A412D700D199A2 /* Project object */ = {
			isa = PBXProject;
			attributes = {
				BuildIndependentTargetsInParallel = 1;
				LastSwiftUpdateCheck = 1340;
				LastUpgradeCheck = 1340;
				TargetAttributes = {
					F9B49E3E28A412D700D199A2 = {
						CreatedOnToolsVersion = 13.4.1;
					};
				};
			};
			buildConfigurationList = F9B49E3A28A412D700D199A2 /* Build configuration list for PBXProject "DBGenerator" */;
			compatibilityVersion = "Xcode 13.0";
			developmentRegion = en;
			hasScannedForEncodings = 0;
			knownRegions = (
				en,
				Base,
			);
			mainGroup = F9B49E3628A412D700D199A2;
			packageReferences = (
				F97BDA7028A469130087A7E8 /* XCRemoteSwiftPackageReference "PostgresClientKit" */,
			);
			productRefGroup = F9B49E4028A412D700D199A2 /* Products */;
			projectDirPath = "";
			projectRoot = "";
			targets = (
				F9B49E3E28A412D700D199A2 /* DBGenerator */,
			);
		};
/* End PBXProject section */

/* Begin PBXSourcesBuildPhase section */
		F9B49E3B28A412D700D199A2 /* Sources */ = {
			isa = PBXSourcesBuildPhase;
			buildActionMask = 2147483647;
			files = (
				F9B49E4328A412D700D199A2 /* main.swift in Sources */,
				F901072C28A5343000C5687F /* Tables.swift in Sources */,
				F9598BD128A56EBA003047C7 /* ResoursesPaths.swift in Sources */,
				F901072A28A5302600C5687F /* DataGenerator.swift in Sources */,
			);
			runOnlyForDeploymentPostprocessing = 0;
		};
/* End PBXSourcesBuildPhase section */

/* Begin XCBuildConfiguration section */
		F9B49E4428A412D700D199A2 /* Debug */ = {
			isa = XCBuildConfiguration;
			buildSettings = {
				ALWAYS_SEARCH_USER_PATHS = NO;
				CLANG_ANALYZER_NONNULL = YES;
				CLANG_ANALYZER_NUMBER_OBJECT_CONVERSION = YES_AGGRESSIVE;
				CLANG_CXX_LANGUAGE_STANDARD = "gnu++17";
				CLANG_ENABLE_MODULES = YES;
				CLANG_ENABLE_OBJC_ARC = YES;
				CLANG_ENABLE_OBJC_WEAK = YES;
				CLANG_WARN_BLOCK_CAPTURE_AUTORELEASING = YES;
				CLANG_WARN_BOOL_CONVERSION = YES;
				CLANG_WARN_COMMA = YES;
				CLANG_WARN_CONSTANT_CONVERSION = YES;
				CLANG_WARN_DEPRECATED_OBJC_IMPLEMENTATIONS = YES;
				CLANG_WARN_DIRECT_OBJC_ISA_USAGE = YES_ERROR;
				CLANG_WARN_DOCUMENTATION_COMMENTS = YES;
				CLANG_WARN_EMPTY_BODY = YES;
				CLANG_WARN_ENUM_CONVERSION = YES;
				CLANG_WARN_INFINITE_RECURSION = YES;
				CLANG_WARN_INT_CONVERSION = YES;
				CLANG_WARN_NON_LITERAL_NULL_CONVERSION = YES;
				CLANG_WARN_OBJC_IMPLICIT_RETAIN_SELF = YES;
				CLANG_WARN_OBJC_LITERAL_CONVERSION = YES;
				CLANG_WARN_OBJC_ROOT_CLASS = YES_ERROR;
				CLANG_WARN_QUOTED_INCLUDE_IN_FRAMEWORK_HEADER = YES;
				CLANG_WARN_RANGE_LOOP_ANALYSIS = YES;
				CLANG_WARN_STRICT_PROTOTYPES = YES;
				CLANG_WARN_SUSPICIOUS_MOVE = YES;
				CLANG_WARN_UNGUARDED_AVAILABILITY = YES_AGGRESSIVE;
				CLANG_WARN_UNREACHABLE_CODE = YES;
				CLANG_WARN__DUPLICATE_METHOD_MATCH = YES;
				COPY_PHASE_STRIP = NO;
				DEBUG_INFORMATION_FORMAT = dwarf;
				ENABLE_STRICT_OBJC_MSGSEND = YES;
				ENABLE_TESTABILITY = YES;
				GCC_C_LANGUAGE_STANDARD = gnu11;
				GCC_DYNAMIC_NO_PIC = NO;
				GCC_NO_COMMON_BLOCKS = YES;
				GCC_OPTIMIZATION_LEVEL = 0;
				GCC_PREPROCESSOR_DEFINITIONS = (
					"DEBUG=1",
					"$(inherited)",
				);
				GCC_WARN_64_TO_32_BIT_CONVERSION = YES;
				GCC_WARN_ABOUT_RETURN_TYPE = YES_ERROR;
				GCC_WARN_UNDECLARED_SELECTOR = YES;
				GCC_WARN_UNINITIALIZED_AUTOS = YES_AGGRESSIVE;
				GCC_WARN_UNUSED_FUNCTION = YES;
				GCC_WARN_UNUSED_VARIABLE = YES;
				MACOSX_DEPLOYMENT_TARGET = 12.3;
				MTL_ENABLE_DEBUG_INFO = INCLUDE_SOURCE;
				MTL_FAST_MATH = YES;
				ONLY_ACTIVE_ARCH = YES;
				SDKROOT = macosx;
				SWIFT_ACTIVE_COMPILATION_CONDITIONS = DEBUG;
				SWIFT_OPTIMIZATION_LEVEL = "-Onone";
			};
			name = Debug;
		};
		F9B49E4528A412D700D199A2 /* Release */ = {
			isa = XCBuildConfiguration;
			buildSettings = {
				ALWAYS_SEARCH_USER_PATHS = NO;
				CLANG_ANALYZER_NONNULL = YES;
				CLANG_ANALYZER_NUMBER_OBJECT_CONVERSION = YES_AGGRESSIVE;
				CLANG_CXX_LANGUAGE_STANDARD = "gnu++17";
				CLANG_ENABLE_MODULES = YES;
				CLANG_ENABLE_OBJC_ARC = YES;
				CLANG_ENABLE_OBJC_WEAK = YES;
				CLANG_WARN_BLOCK_CAPTURE_AUTORELEASING = YES;
				CLANG_WARN_BOOL_CONVERSION = YES;
				CLANG_WARN_COMMA = YES;
				CLANG_WARN_CONSTANT_CONVERSION = YES;
				CLANG_WARN_DEPRECATED_OBJC_IMPLEMENTATIONS = YES;
				CLANG_WARN_DIRECT_OBJC_ISA_USAGE = YES_ERROR;
				CLANG_WARN_DOCUMENTATION_COMMENTS = YES;
				CLANG_WARN_EMPTY_BODY = YES;
				CLANG_WARN_ENUM_CONVERSION = YES;
				CLANG_WARN_INFINITE_RECURSION = YES;
				CLANG_WARN_INT_CONVERSION = YES;
				CLANG_WARN_NON_LITERAL_NULL_CONVERSION = YES;
				CLANG_WARN_OBJC_IMPLICIT_RETAIN_SELF = YES;
				CLANG_WARN_OBJC_LITERAL_CONVERSION = YES;
				CLANG_WARN_OBJC_ROOT_CLASS = YES_ERROR;
				CLANG_WARN_QUOTED_INCLUDE_IN_FRAMEWORK_HEADER = YES;
				CLANG_WARN_RANGE_LOOP_ANALYSIS = YES;
				CLANG_WARN_STRICT_PROTOTYPES = YES;
				CLANG_WARN_SUSPICIOUS_MOVE = YES;
				CLANG_WARN_UNGUARDED_AVAILABILITY = YES_AGGRESSIVE;
				CLANG_WARN_UNREACHABLE_CODE = YES;
				CLANG_WARN__DUPLICATE_METHOD_MATCH = YES;
				COPY_PHASE_STRIP = NO;
				DEBUG_INFORMATION_FORMAT = "dwarf-with-dsym";
				ENABLE_NS_ASSERTIONS = NO;
				ENABLE_STRICT_OBJC_MSGSEND = YES;
				GCC_C_LANGUAGE_STANDARD = gnu11;
				GCC_NO_COMMON_BLOCKS = YES;
				GCC_WARN_64_TO_32_BIT_CONVERSION = YES;
				GCC_WARN_ABOUT_RETURN_TYPE = YES_ERROR;
				GCC_WARN_UNDECLARED_SELECTOR = YES;
				GCC_WARN_UNINITIALIZED_AUTOS = YES_AGGRESSIVE;
				GCC_WARN_UNUSED_FUNCTION = YES;
				GCC_WARN_UNUSED_VARIABLE = YES;
				MACOSX_DEPLOYMENT_TARGET = 12.3;
				MTL_ENABLE_DEBUG_INFO = NO;
				MTL_FAST_MATH = YES;
				SDKROOT = macosx;
				SWIFT_COMPILATION_MODE = wholemodule;
				SWIFT_OPTIMIZATION_LEVEL = "-O";
			};
			name = Release;
		};
		F9B49E4728A412D700D199A2 /* Debug */ = {
			isa = XCBuildConfiguration;
			buildSettings = {
				CODE_SIGN_STYLE = Automatic;
				PRODUCT_NAME = "$(TARGET_NAME)";
				SWIFT_VERSION = 5.0;
			};
			name = Debug;
		};
		F9B49E4828A412D700D199A2 /* Release */ = {
			isa = XCBuildConfiguration;
			buildSettings = {
				CODE_SIGN_STYLE = Automatic;
				PRODUCT_NAME = "$(TARGET_NAME)";
				SWIFT_VERSION = 5.0;
			};
			name = Release;
		};
/* End XCBuildConfiguration section */

/* Begin XCConfigurationList section */
		F9B49E3A28A412D700D199A2 /* Build configuration list for PBXProject "DBGenerator" */ = {
			isa = XCConfigurationList;
			buildConfigurations = (
				F9B49E4428A412D700D199A2 /* Debug */,
				F9B49E4528A412D700D199A2 /* Release */,
			);
			defaultConfigurationIsVisible = 0;
			defaultConfigurationName = Release;
		};
		F9B49E4628A412D700D199A2 /* Build configuration list for PBXNativeTarget "DBGenerator" */ = {
			isa = XCConfigurationList;
			buildConfigurations = (
				F9B49E4728A412D700D199A2 /* Debug */,
				F9B49E4828A412D700D199A2 /* Release */,
			);
			defaultConfigurationIsVisible = 0;
			defaultConfigurationName = Release;
		};
/* End XCConfigurationList section */

/* Begin XCRemoteSwiftPackageReference section */
		F97BDA7028A469130087A7E8 /* XCRemoteSwiftPackageReference "PostgresClientKit" */ = {
			isa = XCRemoteSwiftPackageReference;
			repositoryURL = "https://github.com/codewinsdotcom/PostgresClientKit";
			requirement = {
				branch = master;
				kind = branch;
			};
		};
/* End XCRemoteSwiftPackageReference section */

/* Begin XCSwiftPackageProductDependency section */
		F97BDA7128A469130087A7E8 /* PostgresClientKit */ = {
			isa = XCSwiftPackageProductDependency;
			package = F97BDA7028A469130087A7E8 /* XCRemoteSwiftPackageReference "PostgresClientKit" */;
			productName = PostgresClientKit;
		};
/* End XCSwiftPackageProductDependency section */
	};
	rootObject = F9B49E3728A412D700D199A2 /* Project object */;
}
